
Microsoft Visual Studio Solution File, Format Version 12.00
# Visual Studio Version 17
VisualStudioVersion = 17.4.33205.214
MinimumVisualStudioVersion = 10.0.40219.1
Project("{2150E333-8FDC-42A3-9474-1A3956D46DE8}") = "API", "API", "{1A32C8AD-2938-4107-AC4D-30C7F3AC38A1}"
EndProject
Project("{2150E333-8FDC-42A3-9474-1A3956D46DE8}") = "Core", "Core", "{233E358A-54B5-4953-BDB1-CCD397701071}"
EndProject
Project("{2150E333-8FDC-42A3-9474-1A3956D46DE8}") = "Infrastructure", "Infrastructure", "{F1901697-DE96-4190-A496-651AA0911496}"
EndProject
Project("{2150E333-8FDC-42A3-9474-1A3956D46DE8}") = "Src", "Src", "{DA8D2F13-B163-4240-8314-961CDAE863FD}"
EndProject
Project("{2150E333-8FDC-42A3-9474-1A3956D46DE8}") = "Solution Items", "Solution Items", "{9861E7DE-B50C-46B2-A0F0-7F8CDA9C9F4C}"
EndProject
Project("{2150E333-8FDC-42A3-9474-1A3956D46DE8}") = "Common", "Common", "{BB416FF7-B498-4595-B210-8DC1A072D7A9}"
EndProject
Project("{9A19103F-16F7-4668-BE54-9A1E7A4F7556}") = "Tijera.API", "Src\API\Tijera.API\Tijera.API.csproj", "{15D84112-A85F-4F9C-83EC-6EAFF0D45165}"
EndProject
Project("{9A19103F-16F7-4668-BE54-9A1E7A4F7556}") = "TD.Infrastructure", "Src\INFRASTRUCTURE\TD.Infrastructure\TD.Infrastructure.csproj", "{7F22E5D7-BD9F-42DE-BF7C-76D5494E5E1A}"
EndProject
Project("{9A19103F-16F7-4668-BE54-9A1E7A4F7556}") = "TD.Infrastructure.Abstraction", "Src\INFRASTRUCTURE\TD.Infrastructure.Abstraction\TD.Infrastructure.Abstraction.csproj", "{5E7C2A44-9FF4-4400-B0BA-630C55002251}"
EndProject
Project("{9A19103F-16F7-4668-BE54-9A1E7A4F7556}") = "TD.Core", "Src\CORE\TD.Core\TD.Core.csproj", "{32134F5F-A8BD-4965-92EB-BDCFBE816689}"
EndProject
Project("{9A19103F-16F7-4668-BE54-9A1E7A4F7556}") = "TD.Core.Abstraction", "Src\CORE\TD.Core.Abstraction\TD.Core.Abstraction.csproj", "{FD2DFC98-E096-403B-90B6-A2E6ADD46803}"
EndProject
Project("{2150E333-8FDC-42A3-9474-1A3956D46DE8}") = "Contracts", "Contracts", "{ADE7C0CE-2D9B-4692-AD0D-5B9E8838967A}"
EndProject
Project("{9A19103F-16F7-4668-BE54-9A1E7A4F7556}") = "TD.Contracts", "Src\CONTRACTS\TD.Contracts\TD.Contracts.csproj", "{2BD42D79-B242-4A18-A52E-3119D050A775}"
EndProject
Project("{9A19103F-16F7-4668-BE54-9A1E7A4F7556}") = "TD.Common", "Src\COMMON\TD.Common\TD.Common.csproj", "{4300C2F1-39E9-4BD8-9BBA-15A80B9B524F}"
EndProject
Global
	GlobalSection(SolutionConfigurationPlatforms) = preSolution
		Debug|Any CPU = Debug|Any CPU
		Release|Any CPU = Release|Any CPU
	EndGlobalSection
	GlobalSection(ProjectConfigurationPlatforms) = postSolution
		{15D84112-A85F-4F9C-83EC-6EAFF0D45165}.Debug|Any CPU.ActiveCfg = Debug|Any CPU
		{15D84112-A85F-4F9C-83EC-6EAFF0D45165}.Debug|Any CPU.Build.0 = Debug|Any CPU
		{15D84112-A85F-4F9C-83EC-6EAFF0D45165}.Release|Any CPU.ActiveCfg = Release|Any CPU
		{15D84112-A85F-4F9C-83EC-6EAFF0D45165}.Release|Any CPU.Build.0 = Release|Any CPU
		{7F22E5D7-BD9F-42DE-BF7C-76D5494E5E1A}.Debug|Any CPU.ActiveCfg = Debug|Any CPU
		{7F22E5D7-BD9F-42DE-BF7C-76D5494E5E1A}.Debug|Any CPU.Build.0 = Debug|Any CPU
		{7F22E5D7-BD9F-42DE-BF7C-76D5494E5E1A}.Release|Any CPU.ActiveCfg = Release|Any CPU
		{7F22E5D7-BD9F-42DE-BF7C-76D5494E5E1A}.Release|Any CPU.Build.0 = Release|Any CPU
		{5E7C2A44-9FF4-4400-B0BA-630C55002251}.Debug|Any CPU.ActiveCfg = Debug|Any CPU
		{5E7C2A44-9FF4-4400-B0BA-630C55002251}.Debug|Any CPU.Build.0 = Debug|Any CPU
		{5E7C2A44-9FF4-4400-B0BA-630C55002251}.Release|Any CPU.ActiveCfg = Release|Any CPU
		{5E7C2A44-9FF4-4400-B0BA-630C55002251}.Release|Any CPU.Build.0 = Release|Any CPU
		{32134F5F-A8BD-4965-92EB-BDCFBE816689}.Debug|Any CPU.ActiveCfg = Debug|Any CPU
		{32134F5F-A8BD-4965-92EB-BDCFBE816689}.Debug|Any CPU.Build.0 = Debug|Any CPU
		{32134F5F-A8BD-4965-92EB-BDCFBE816689}.Release|Any CPU.ActiveCfg = Release|Any CPU
		{32134F5F-A8BD-4965-92EB-BDCFBE816689}.Release|Any CPU.Build.0 = Release|Any CPU
		{FD2DFC98-E096-403B-90B6-A2E6ADD46803}.Debug|Any CPU.ActiveCfg = Debug|Any CPU
		{FD2DFC98-E096-403B-90B6-A2E6ADD46803}.Debug|Any CPU.Build.0 = Debug|Any CPU
		{FD2DFC98-E096-403B-90B6-A2E6ADD46803}.Release|Any CPU.ActiveCfg = Release|Any CPU
		{FD2DFC98-E096-403B-90B6-A2E6ADD46803}.Release|Any CPU.Build.0 = Release|Any CPU
		{2BD42D79-B242-4A18-A52E-3119D050A775}.Debug|Any CPU.ActiveCfg = Debug|Any CPU
		{2BD42D79-B242-4A18-A52E-3119D050A775}.Debug|Any CPU.Build.0 = Debug|Any CPU
		{2BD42D79-B242-4A18-A52E-3119D050A775}.Release|Any CPU.ActiveCfg = Release|Any CPU
		{2BD42D79-B242-4A18-A52E-3119D050A775}.Release|Any CPU.Build.0 = Release|Any CPU
		{4300C2F1-39E9-4BD8-9BBA-15A80B9B524F}.Debug|Any CPU.ActiveCfg = Debug|Any CPU
		{4300C2F1-39E9-4BD8-9BBA-15A80B9B524F}.Debug|Any CPU.Build.0 = Debug|Any CPU
		{4300C2F1-39E9-4BD8-9BBA-15A80B9B524F}.Release|Any CPU.ActiveCfg = Release|Any CPU
		{4300C2F1-39E9-4BD8-9BBA-15A80B9B524F}.Release|Any CPU.Build.0 = Release|Any CPU
	EndGlobalSection
	GlobalSection(SolutionProperties) = preSolution
		HideSolutionNode = FALSE
	EndGlobalSection
	GlobalSection(NestedProjects) = preSolution
		{1A32C8AD-2938-4107-AC4D-30C7F3AC38A1} = {DA8D2F13-B163-4240-8314-961CDAE863FD}
		{233E358A-54B5-4953-BDB1-CCD397701071} = {DA8D2F13-B163-4240-8314-961CDAE863FD}
		{F1901697-DE96-4190-A496-651AA0911496} = {DA8D2F13-B163-4240-8314-961CDAE863FD}
		{BB416FF7-B498-4595-B210-8DC1A072D7A9} = {DA8D2F13-B163-4240-8314-961CDAE863FD}
		{15D84112-A85F-4F9C-83EC-6EAFF0D45165} = {1A32C8AD-2938-4107-AC4D-30C7F3AC38A1}
		{7F22E5D7-BD9F-42DE-BF7C-76D5494E5E1A} = {F1901697-DE96-4190-A496-651AA0911496}
		{5E7C2A44-9FF4-4400-B0BA-630C55002251} = {F1901697-DE96-4190-A496-651AA0911496}
		{32134F5F-A8BD-4965-92EB-BDCFBE816689} = {233E358A-54B5-4953-BDB1-CCD397701071}
		{FD2DFC98-E096-403B-90B6-A2E6ADD46803} = {233E358A-54B5-4953-BDB1-CCD397701071}
		{ADE7C0CE-2D9B-4692-AD0D-5B9E8838967A} = {DA8D2F13-B163-4240-8314-961CDAE863FD}
		{2BD42D79-B242-4A18-A52E-3119D050A775} = {ADE7C0CE-2D9B-4692-AD0D-5B9E8838967A}
		{4300C2F1-39E9-4BD8-9BBA-15A80B9B524F} = {BB416FF7-B498-4595-B210-8DC1A072D7A9}
	EndGlobalSection
	GlobalSection(ExtensibilityGlobals) = postSolution
		SolutionGuid = {C672BE79-1DBE-463B-B282-4D92FD3DBC72}
	EndGlobalSection
EndGlobal
